// !$*UTF8*$!
{
	archiveVersion = 1;
	classes = {
	};
	objectVersion = 56;
	objects = {

/* Begin PBXBuildFile section */
		2D4C3D412A6A644D00FC6FA2 /* GoogleService-Info.plist in Resources */ = {isa = PBXBuildFile; fileRef = 2D4C3D402A6A644D00FC6FA2 /* GoogleService-Info.plist */; };
		2D4C3D422A6A644D00FC6FA2 /* GoogleService-Info.plist in Resources */ = {isa = PBXBuildFile; fileRef = 2D4C3D402A6A644D00FC6FA2 /* GoogleService-Info.plist */; };
		2D4C3D432A6A644D00FC6FA2 /* GoogleService-Info.plist in Resources */ = {isa = PBXBuildFile; fileRef = 2D4C3D402A6A644D00FC6FA2 /* GoogleService-Info.plist */; };
		2D54AE8B2A3B9A5D00586003 /* LumiCount.swift in Sources */ = {isa = PBXBuildFile; fileRef = 2D54AE8A2A3B9A5D00586003 /* LumiCount.swift */; };
		2D54AE8D2A3B9A5D00586003 /* RootView.swift in Sources */ = {isa = PBXBuildFile; fileRef = 2D54AE8C2A3B9A5D00586003 /* RootView.swift */; };
		2D54AE8F2A3B9A6000586003 /* Assets.xcassets in Resources */ = {isa = PBXBuildFile; fileRef = 2D54AE8E2A3B9A6000586003 /* Assets.xcassets */; };
		2D54AE922A3B9A6000586003 /* Preview Assets.xcassets in Resources */ = {isa = PBXBuildFile; fileRef = 2D54AE912A3B9A6000586003 /* Preview Assets.xcassets */; };
		2D54AE9C2A3B9A6100586003 /* LumiCountTests.swift in Sources */ = {isa = PBXBuildFile; fileRef = 2D54AE9B2A3B9A6100586003 /* LumiCountTests.swift */; };
		2D54AEA62A3B9A6100586003 /* LumiCountUITests.swift in Sources */ = {isa = PBXBuildFile; fileRef = 2D54AEA52A3B9A6100586003 /* LumiCountUITests.swift */; };
		2D54AEA82A3B9A6100586003 /* LumiCountUITestsLaunchTests.swift in Sources */ = {isa = PBXBuildFile; fileRef = 2D54AEA72A3B9A6100586003 /* LumiCountUITestsLaunchTests.swift */; };
		2D6852FA2A6D70B500A1EDD7 /* Goal.swift in Sources */ = {isa = PBXBuildFile; fileRef = 2D6852F92A6D70B500A1EDD7 /* Goal.swift */; };
		2D6852FD2A6D762D00A1EDD7 /* GoalListView.swift in Sources */ = {isa = PBXBuildFile; fileRef = 2D6852FB2A6D762D00A1EDD7 /* GoalListView.swift */; };
		2D6852FE2A6D762D00A1EDD7 /* GoalListViewViewModel.swift in Sources */ = {isa = PBXBuildFile; fileRef = 2D6852FC2A6D762D00A1EDD7 /* GoalListViewViewModel.swift */; };
		2D6853002A6D769100A1EDD7 /* Extensions.swift in Sources */ = {isa = PBXBuildFile; fileRef = 2D6852FF2A6D769100A1EDD7 /* Extensions.swift */; };
		2D8319212A6DBF93008A54CA /* NewGoalView.swift in Sources */ = {isa = PBXBuildFile; fileRef = 2D83191F2A6DBF92008A54CA /* NewGoalView.swift */; };
		2D8319222A6DBF93008A54CA /* NewGoalViewViewModel.swift in Sources */ = {isa = PBXBuildFile; fileRef = 2D8319202A6DBF93008A54CA /* NewGoalViewViewModel.swift */; };
		2D8319252A6DC0A2008A54CA /* CustomTextField.swift in Sources */ = {isa = PBXBuildFile; fileRef = 2D8319232A6DC0A2008A54CA /* CustomTextField.swift */; };
		2D8319262A6DC0A2008A54CA /* CustomSecureField.swift in Sources */ = {isa = PBXBuildFile; fileRef = 2D8319242A6DC0A2008A54CA /* CustomSecureField.swift */; };
		2D8319282A6DC242008A54CA /* ColorPicker.swift in Sources */ = {isa = PBXBuildFile; fileRef = 2D8319272A6DC242008A54CA /* ColorPicker.swift */; };
		2D83192E2A6E4A6D008A54CA /* GoalItemView.swift in Sources */ = {isa = PBXBuildFile; fileRef = 2D83192C2A6E4A6D008A54CA /* GoalItemView.swift */; };
		2D83192F2A6E4A6D008A54CA /* GoalItemViewViewModel.swift in Sources */ = {isa = PBXBuildFile; fileRef = 2D83192D2A6E4A6D008A54CA /* GoalItemViewViewModel.swift */; };
		2D8319312A6E4A9B008A54CA /* BacgroundView.swift in Sources */ = {isa = PBXBuildFile; fileRef = 2D8319302A6E4A9B008A54CA /* BacgroundView.swift */; };
		2D8319332A6E4B0C008A54CA /* PlusButtonView.swift in Sources */ = {isa = PBXBuildFile; fileRef = 2D8319322A6E4B0C008A54CA /* PlusButtonView.swift */; };
		2D8319352A6E4E5A008A54CA /* DropViewDelegate.swift in Sources */ = {isa = PBXBuildFile; fileRef = 2D8319342A6E4E5A008A54CA /* DropViewDelegate.swift */; };
		2DD1035E2A6A6AD20034596E /* FirebaseAnalytics in Frameworks */ = {isa = PBXBuildFile; productRef = 2DD1035D2A6A6AD20034596E /* FirebaseAnalytics */; };
		2DD103602A6A6AD20034596E /* FirebaseAnalyticsSwift in Frameworks */ = {isa = PBXBuildFile; productRef = 2DD1035F2A6A6AD20034596E /* FirebaseAnalyticsSwift */; };
		2DD103622A6A6AD20034596E /* FirebaseAuth in Frameworks */ = {isa = PBXBuildFile; productRef = 2DD103612A6A6AD20034596E /* FirebaseAuth */; };
		2DD103642A6C6BDC0034596E /* RootViewViewModel.swift in Sources */ = {isa = PBXBuildFile; fileRef = 2DD103632A6C6BDC0034596E /* RootViewViewModel.swift */; };
		2DD103662A6C79C30034596E /* DBUser.swift in Sources */ = {isa = PBXBuildFile; fileRef = 2DD103652A6C79C30034596E /* DBUser.swift */; };
		2DD103692A6C7C2B0034596E /* FirebaseFirestore in Frameworks */ = {isa = PBXBuildFile; productRef = 2DD103682A6C7C2B0034596E /* FirebaseFirestore */; };
		2DD1036B2A6C7C2B0034596E /* FirebaseFirestoreSwift in Frameworks */ = {isa = PBXBuildFile; productRef = 2DD1036A2A6C7C2B0034596E /* FirebaseFirestoreSwift */; };
/* End PBXBuildFile section */

/* Begin PBXContainerItemProxy section */
		2D54AE982A3B9A6100586003 /* PBXContainerItemProxy */ = {
			isa = PBXContainerItemProxy;
			containerPortal = 2D54AE7F2A3B9A5D00586003 /* Project object */;
			proxyType = 1;
			remoteGlobalIDString = 2D54AE862A3B9A5D00586003;
			remoteInfo = SwiftCount;
		};
		2D54AEA22A3B9A6100586003 /* PBXContainerItemProxy */ = {
			isa = PBXContainerItemProxy;
			containerPortal = 2D54AE7F2A3B9A5D00586003 /* Project object */;
			proxyType = 1;
			remoteGlobalIDString = 2D54AE862A3B9A5D00586003;
			remoteInfo = SwiftCount;
		};
/* End PBXContainerItemProxy section */

/* Begin PBXFileReference section */
		2D4C3D402A6A644D00FC6FA2 /* GoogleService-Info.plist */ = {isa = PBXFileReference; fileEncoding = 4; lastKnownFileType = text.plist.xml; path = "GoogleService-Info.plist"; sourceTree = "<group>"; };
		2D54AE872A3B9A5D00586003 /* LumiCount.app */ = {isa = PBXFileReference; explicitFileType = wrapper.application; includeInIndex = 0; path = LumiCount.app; sourceTree = BUILT_PRODUCTS_DIR; };
		2D54AE8A2A3B9A5D00586003 /* LumiCount.swift */ = {isa = PBXFileReference; lastKnownFileType = sourcecode.swift; path = LumiCount.swift; sourceTree = "<group>"; };
		2D54AE8C2A3B9A5D00586003 /* RootView.swift */ = {isa = PBXFileReference; lastKnownFileType = sourcecode.swift; path = RootView.swift; sourceTree = "<group>"; };
		2D54AE8E2A3B9A6000586003 /* Assets.xcassets */ = {isa = PBXFileReference; lastKnownFileType = folder.assetcatalog; path = Assets.xcassets; sourceTree = "<group>"; };
		2D54AE912A3B9A6000586003 /* Preview Assets.xcassets */ = {isa = PBXFileReference; lastKnownFileType = folder.assetcatalog; path = "Preview Assets.xcassets"; sourceTree = "<group>"; };
		2D54AE972A3B9A6100586003 /* LumiCountTests.xctest */ = {isa = PBXFileReference; explicitFileType = wrapper.cfbundle; includeInIndex = 0; path = LumiCountTests.xctest; sourceTree = BUILT_PRODUCTS_DIR; };
		2D54AE9B2A3B9A6100586003 /* LumiCountTests.swift */ = {isa = PBXFileReference; lastKnownFileType = sourcecode.swift; path = LumiCountTests.swift; sourceTree = "<group>"; };
		2D54AEA12A3B9A6100586003 /* LumiCountUITests.xctest */ = {isa = PBXFileReference; explicitFileType = wrapper.cfbundle; includeInIndex = 0; path = LumiCountUITests.xctest; sourceTree = BUILT_PRODUCTS_DIR; };
		2D54AEA52A3B9A6100586003 /* LumiCountUITests.swift */ = {isa = PBXFileReference; lastKnownFileType = sourcecode.swift; path = LumiCountUITests.swift; sourceTree = "<group>"; };
		2D54AEA72A3B9A6100586003 /* LumiCountUITestsLaunchTests.swift */ = {isa = PBXFileReference; lastKnownFileType = sourcecode.swift; path = LumiCountUITestsLaunchTests.swift; sourceTree = "<group>"; };
		2D6852F92A6D70B500A1EDD7 /* Goal.swift */ = {isa = PBXFileReference; lastKnownFileType = sourcecode.swift; path = Goal.swift; sourceTree = "<group>"; };
		2D6852FB2A6D762D00A1EDD7 /* GoalListView.swift */ = {isa = PBXFileReference; fileEncoding = 4; lastKnownFileType = sourcecode.swift; path = GoalListView.swift; sourceTree = "<group>"; };
		2D6852FC2A6D762D00A1EDD7 /* GoalListViewViewModel.swift */ = {isa = PBXFileReference; fileEncoding = 4; lastKnownFileType = sourcecode.swift; path = GoalListViewViewModel.swift; sourceTree = "<group>"; };
		2D6852FF2A6D769100A1EDD7 /* Extensions.swift */ = {isa = PBXFileReference; fileEncoding = 4; lastKnownFileType = sourcecode.swift; path = Extensions.swift; sourceTree = "<group>"; };
		2D83191F2A6DBF92008A54CA /* NewGoalView.swift */ = {isa = PBXFileReference; fileEncoding = 4; lastKnownFileType = sourcecode.swift; path = NewGoalView.swift; sourceTree = "<group>"; };
		2D8319202A6DBF93008A54CA /* NewGoalViewViewModel.swift */ = {isa = PBXFileReference; fileEncoding = 4; lastKnownFileType = sourcecode.swift; path = NewGoalViewViewModel.swift; sourceTree = "<group>"; };
		2D8319232A6DC0A2008A54CA /* CustomTextField.swift */ = {isa = PBXFileReference; fileEncoding = 4; lastKnownFileType = sourcecode.swift; path = CustomTextField.swift; sourceTree = "<group>"; };
		2D8319242A6DC0A2008A54CA /* CustomSecureField.swift */ = {isa = PBXFileReference; fileEncoding = 4; lastKnownFileType = sourcecode.swift; path = CustomSecureField.swift; sourceTree = "<group>"; };
		2D8319272A6DC242008A54CA /* ColorPicker.swift */ = {isa = PBXFileReference; fileEncoding = 4; lastKnownFileType = sourcecode.swift; path = ColorPicker.swift; sourceTree = "<group>"; };
		2D83192C2A6E4A6D008A54CA /* GoalItemView.swift */ = {isa = PBXFileReference; fileEncoding = 4; lastKnownFileType = sourcecode.swift; path = GoalItemView.swift; sourceTree = "<group>"; };
		2D83192D2A6E4A6D008A54CA /* GoalItemViewViewModel.swift */ = {isa = PBXFileReference; fileEncoding = 4; lastKnownFileType = sourcecode.swift; path = GoalItemViewViewModel.swift; sourceTree = "<group>"; };
		2D8319302A6E4A9B008A54CA /* BacgroundView.swift */ = {isa = PBXFileReference; fileEncoding = 4; lastKnownFileType = sourcecode.swift; path = BacgroundView.swift; sourceTree = "<group>"; };
		2D8319322A6E4B0C008A54CA /* PlusButtonView.swift */ = {isa = PBXFileReference; fileEncoding = 4; lastKnownFileType = sourcecode.swift; path = PlusButtonView.swift; sourceTree = "<group>"; };
		2D8319342A6E4E5A008A54CA /* DropViewDelegate.swift */ = {isa = PBXFileReference; fileEncoding = 4; lastKnownFileType = sourcecode.swift; path = DropViewDelegate.swift; sourceTree = "<group>"; };
		2DD103632A6C6BDC0034596E /* RootViewViewModel.swift */ = {isa = PBXFileReference; lastKnownFileType = sourcecode.swift; path = RootViewViewModel.swift; sourceTree = "<group>"; };
		2DD103652A6C79C30034596E /* DBUser.swift */ = {isa = PBXFileReference; lastKnownFileType = sourcecode.swift; path = DBUser.swift; sourceTree = "<group>"; };
/* End PBXFileReference section */

/* Begin PBXFrameworksBuildPhase section */
		2D54AE842A3B9A5D00586003 /* Frameworks */ = {
			isa = PBXFrameworksBuildPhase;
			buildActionMask = 2147483647;
			files = (
				2DD1036B2A6C7C2B0034596E /* FirebaseFirestoreSwift in Frameworks */,
				2DD103602A6A6AD20034596E /* FirebaseAnalyticsSwift in Frameworks */,
				2DD103692A6C7C2B0034596E /* FirebaseFirestore in Frameworks */,
				2DD103622A6A6AD20034596E /* FirebaseAuth in Frameworks */,
				2DD1035E2A6A6AD20034596E /* FirebaseAnalytics in Frameworks */,
			);
			runOnlyForDeploymentPostprocessing = 0;
		};
		2D54AE942A3B9A6100586003 /* Frameworks */ = {
			isa = PBXFrameworksBuildPhase;
			buildActionMask = 2147483647;
			files = (
			);
			runOnlyForDeploymentPostprocessing = 0;
		};
		2D54AE9E2A3B9A6100586003 /* Frameworks */ = {
			isa = PBXFrameworksBuildPhase;
			buildActionMask = 2147483647;
			files = (
			);
			runOnlyForDeploymentPostprocessing = 0;
		};
/* End PBXFrameworksBuildPhase section */

/* Begin PBXGroup section */
		2D54AE7E2A3B9A5D00586003 = {
			isa = PBXGroup;
			children = (
				2D54AE892A3B9A5D00586003 /* LumiCount */,
				2D54AE9A2A3B9A6100586003 /* LumiCountTests */,
				2D54AEA42A3B9A6100586003 /* LumiCountUITests */,
				2D54AE882A3B9A5D00586003 /* Products */,
				2DD103672A6C7C2B0034596E /* Frameworks */,
			);
			sourceTree = "<group>";
		};
		2D54AE882A3B9A5D00586003 /* Products */ = {
			isa = PBXGroup;
			children = (
				2D54AE872A3B9A5D00586003 /* LumiCount.app */,
				2D54AE972A3B9A6100586003 /* LumiCountTests.xctest */,
				2D54AEA12A3B9A6100586003 /* LumiCountUITests.xctest */,
			);
			name = Products;
			sourceTree = "<group>";
		};
		2D54AE892A3B9A5D00586003 /* LumiCount */ = {
			isa = PBXGroup;
			children = (
				2D6852FF2A6D769100A1EDD7 /* Extensions.swift */,
				2D54AE8A2A3B9A5D00586003 /* LumiCount.swift */,
				2D6852F72A6D6FA600A1EDD7 /* Models */,
				2D6852F82A6D705000A1EDD7 /* Core */,
				2D54AE8E2A3B9A6000586003 /* Assets.xcassets */,
				2D54AE902A3B9A6000586003 /* Preview Content */,
				2D4C3D402A6A644D00FC6FA2 /* GoogleService-Info.plist */,
			);
			path = LumiCount;
			sourceTree = "<group>";
		};
		2D54AE902A3B9A6000586003 /* Preview Content */ = {
			isa = PBXGroup;
			children = (
				2D54AE912A3B9A6000586003 /* Preview Assets.xcassets */,
			);
			path = "Preview Content";
			sourceTree = "<group>";
		};
		2D54AE9A2A3B9A6100586003 /* LumiCountTests */ = {
			isa = PBXGroup;
			children = (
				2D54AE9B2A3B9A6100586003 /* LumiCountTests.swift */,
			);
			path = LumiCountTests;
			sourceTree = "<group>";
		};
		2D54AEA42A3B9A6100586003 /* LumiCountUITests */ = {
			isa = PBXGroup;
			children = (
				2D54AEA52A3B9A6100586003 /* LumiCountUITests.swift */,
				2D54AEA72A3B9A6100586003 /* LumiCountUITestsLaunchTests.swift */,
			);
			path = LumiCountUITests;
			sourceTree = "<group>";
		};
		2D6852F72A6D6FA600A1EDD7 /* Models */ = {
			isa = PBXGroup;
			children = (
				2DD103652A6C79C30034596E /* DBUser.swift */,
				2D6852F92A6D70B500A1EDD7 /* Goal.swift */,
			);
			path = Models;
			sourceTree = "<group>";
		};
		2D6852F82A6D705000A1EDD7 /* Core */ = {
			isa = PBXGroup;
			children = (
				2D83192B2A6E4930008A54CA /* List of goals */,
				2D83192A2A6E490B008A54CA /* Custom views */,
				2D8319292A6E48BC008A54CA /* New goal */,
				2D54AE8C2A3B9A5D00586003 /* RootView.swift */,
				2DD103632A6C6BDC0034596E /* RootViewViewModel.swift */,
				2D83192C2A6E4A6D008A54CA /* GoalItemView.swift */,
				2D83192D2A6E4A6D008A54CA /* GoalItemViewViewModel.swift */,
				2D8319302A6E4A9B008A54CA /* BacgroundView.swift */,
				2D8319322A6E4B0C008A54CA /* PlusButtonView.swift */,
			);
			path = Core;
			sourceTree = "<group>";
		};
		2D8319292A6E48BC008A54CA /* New goal */ = {
			isa = PBXGroup;
			children = (
				2D83191F2A6DBF92008A54CA /* NewGoalView.swift */,
				2D8319202A6DBF93008A54CA /* NewGoalViewViewModel.swift */,
			);
			path = "New goal";
			sourceTree = "<group>";
		};
		2D83192A2A6E490B008A54CA /* Custom views */ = {
			isa = PBXGroup;
			children = (
				2D8319242A6DC0A2008A54CA /* CustomSecureField.swift */,
				2D8319232A6DC0A2008A54CA /* CustomTextField.swift */,
				2D8319272A6DC242008A54CA /* ColorPicker.swift */,
			);
			path = "Custom views";
			sourceTree = "<group>";
		};
		2D83192B2A6E4930008A54CA /* List of goals */ = {
			isa = PBXGroup;
			children = (
				2D8319342A6E4E5A008A54CA /* DropViewDelegate.swift */,
				2D6852FB2A6D762D00A1EDD7 /* GoalListView.swift */,
				2D6852FC2A6D762D00A1EDD7 /* GoalListViewViewModel.swift */,
			);
			path = "List of goals";
			sourceTree = "<group>";
		};
		2DD103672A6C7C2B0034596E /* Frameworks */ = {
			isa = PBXGroup;
			children = (
			);
			name = Frameworks;
			sourceTree = "<group>";
		};
/* End PBXGroup section */

/* Begin PBXNativeTarget section */
		2D54AE862A3B9A5D00586003 /* LumiCount */ = {
			isa = PBXNativeTarget;
			buildConfigurationList = 2D54AEAB2A3B9A6100586003 /* Build configuration list for PBXNativeTarget "LumiCount" */;
			buildPhases = (
				2D54AE832A3B9A5D00586003 /* Sources */,
				2D54AE842A3B9A5D00586003 /* Frameworks */,
				2D54AE852A3B9A5D00586003 /* Resources */,
			);
			buildRules = (
			);
			dependencies = (
			);
			name = LumiCount;
			packageProductDependencies = (
				2DD1035D2A6A6AD20034596E /* FirebaseAnalytics */,
				2DD1035F2A6A6AD20034596E /* FirebaseAnalyticsSwift */,
				2DD103612A6A6AD20034596E /* FirebaseAuth */,
				2DD103682A6C7C2B0034596E /* FirebaseFirestore */,
				2DD1036A2A6C7C2B0034596E /* FirebaseFirestoreSwift */,
			);
			productName = SwiftCount;
			productReference = 2D54AE872A3B9A5D00586003 /* LumiCount.app */;
			productType = "com.apple.product-type.application";
		};
		2D54AE962A3B9A6100586003 /* LumiCountTests */ = {
			isa = PBXNativeTarget;
			buildConfigurationList = 2D54AEAE2A3B9A6100586003 /* Build configuration list for PBXNativeTarget "LumiCountTests" */;
			buildPhases = (
				2D54AE932A3B9A6100586003 /* Sources */,
				2D54AE942A3B9A6100586003 /* Frameworks */,
				2D54AE952A3B9A6100586003 /* Resources */,
			);
			buildRules = (
			);
			dependencies = (
				2D54AE992A3B9A6100586003 /* PBXTargetDependency */,
			);
			name = LumiCountTests;
			productName = SwiftCountTests;
			productReference = 2D54AE972A3B9A6100586003 /* LumiCountTests.xctest */;
			productType = "com.apple.product-type.bundle.unit-test";
		};
		2D54AEA02A3B9A6100586003 /* LumiCountUITests */ = {
			isa = PBXNativeTarget;
			buildConfigurationList = 2D54AEB12A3B9A6100586003 /* Build configuration list for PBXNativeTarget "LumiCountUITests" */;
			buildPhases = (
				2D54AE9D2A3B9A6100586003 /* Sources */,
				2D54AE9E2A3B9A6100586003 /* Frameworks */,
				2D54AE9F2A3B9A6100586003 /* Resources */,
			);
			buildRules = (
			);
			dependencies = (
				2D54AEA32A3B9A6100586003 /* PBXTargetDependency */,
			);
			name = LumiCountUITests;
			productName = SwiftCountUITests;
			productReference = 2D54AEA12A3B9A6100586003 /* LumiCountUITests.xctest */;
			productType = "com.apple.product-type.bundle.ui-testing";
		};
/* End PBXNativeTarget section */

/* Begin PBXProject section */
		2D54AE7F2A3B9A5D00586003 /* Project object */ = {
			isa = PBXProject;
			attributes = {
				BuildIndependentTargetsInParallel = 1;
				LastSwiftUpdateCheck = 1430;
				LastUpgradeCheck = 1430;
				TargetAttributes = {
					2D54AE862A3B9A5D00586003 = {
						CreatedOnToolsVersion = 14.3.1;
					};
					2D54AE962A3B9A6100586003 = {
						CreatedOnToolsVersion = 14.3.1;
						TestTargetID = 2D54AE862A3B9A5D00586003;
					};
					2D54AEA02A3B9A6100586003 = {
						CreatedOnToolsVersion = 14.3.1;
						TestTargetID = 2D54AE862A3B9A5D00586003;
					};
				};
			};
			buildConfigurationList = 2D54AE822A3B9A5D00586003 /* Build configuration list for PBXProject "LumiCount" */;
			compatibilityVersion = "Xcode 14.0";
			developmentRegion = en;
			hasScannedForEncodings = 0;
			knownRegions = (
				en,
				Base,
			);
			mainGroup = 2D54AE7E2A3B9A5D00586003;
			packageReferences = (
				2DD1035C2A6A6AD20034596E /* XCRemoteSwiftPackageReference "firebase-ios-sdk" */,
			);
			productRefGroup = 2D54AE882A3B9A5D00586003 /* Products */;
			projectDirPath = "";
			projectRoot = "";
			targets = (
				2D54AE862A3B9A5D00586003 /* LumiCount */,
				2D54AE962A3B9A6100586003 /* LumiCountTests */,
				2D54AEA02A3B9A6100586003 /* LumiCountUITests */,
			);
		};
/* End PBXProject section */

/* Begin PBXResourcesBuildPhase section */
		2D54AE852A3B9A5D00586003 /* Resources */ = {
			isa = PBXResourcesBuildPhase;
			buildActionMask = 2147483647;
			files = (
				2D54AE922A3B9A6000586003 /* Preview Assets.xcassets in Resources */,
				2D54AE8F2A3B9A6000586003 /* Assets.xcassets in Resources */,
				2D4C3D412A6A644D00FC6FA2 /* GoogleService-Info.plist in Resources */,
			);
			runOnlyForDeploymentPostprocessing = 0;
		};
		2D54AE952A3B9A6100586003 /* Resources */ = {
			isa = PBXResourcesBuildPhase;
			buildActionMask = 2147483647;
			files = (
				2D4C3D422A6A644D00FC6FA2 /* GoogleService-Info.plist in Resources */,
			);
			runOnlyForDeploymentPostprocessing = 0;
		};
		2D54AE9F2A3B9A6100586003 /* Resources */ = {
			isa = PBXResourcesBuildPhase;
			buildActionMask = 2147483647;
			files = (
				2D4C3D432A6A644D00FC6FA2 /* GoogleService-Info.plist in Resources */,
			);
			runOnlyForDeploymentPostprocessing = 0;
		};
/* End PBXResourcesBuildPhase section */

/* Begin PBXSourcesBuildPhase section */
		2D54AE832A3B9A5D00586003 /* Sources */ = {
			isa = PBXSourcesBuildPhase;
			buildActionMask = 2147483647;
			files = (
				2DD103662A6C79C30034596E /* DBUser.swift in Sources */,
				2D8319282A6DC242008A54CA /* ColorPicker.swift in Sources */,
				2D8319252A6DC0A2008A54CA /* CustomTextField.swift in Sources */,
				2D54AE8D2A3B9A5D00586003 /* RootView.swift in Sources */,
				2D83192E2A6E4A6D008A54CA /* GoalItemView.swift in Sources */,
				2D54AE8B2A3B9A5D00586003 /* LumiCount.swift in Sources */,
				2D8319332A6E4B0C008A54CA /* PlusButtonView.swift in Sources */,
				2D83192F2A6E4A6D008A54CA /* GoalItemViewViewModel.swift in Sources */,
				2D8319262A6DC0A2008A54CA /* CustomSecureField.swift in Sources */,
				2D6853002A6D769100A1EDD7 /* Extensions.swift in Sources */,
				2D8319212A6DBF93008A54CA /* NewGoalView.swift in Sources */,
				2D8319222A6DBF93008A54CA /* NewGoalViewViewModel.swift in Sources */,
				2D6852FE2A6D762D00A1EDD7 /* GoalListViewViewModel.swift in Sources */,
				2D6852FA2A6D70B500A1EDD7 /* Goal.swift in Sources */,
				2D8319352A6E4E5A008A54CA /* DropViewDelegate.swift in Sources */,
				2DD103642A6C6BDC0034596E /* RootViewViewModel.swift in Sources */,
				2D8319312A6E4A9B008A54CA /* BacgroundView.swift in Sources */,
				2D6852FD2A6D762D00A1EDD7 /* GoalListView.swift in Sources */,
			);
			runOnlyForDeploymentPostprocessing = 0;
		};
		2D54AE932A3B9A6100586003 /* Sources */ = {
			isa = PBXSourcesBuildPhase;
			buildActionMask = 2147483647;
			files = (
				2D54AE9C2A3B9A6100586003 /* LumiCountTests.swift in Sources */,
			);
			runOnlyForDeploymentPostprocessing = 0;
		};
		2D54AE9D2A3B9A6100586003 /* Sources */ = {
			isa = PBXSourcesBuildPhase;
			buildActionMask = 2147483647;
			files = (
				2D54AEA82A3B9A6100586003 /* LumiCountUITestsLaunchTests.swift in Sources */,
				2D54AEA62A3B9A6100586003 /* LumiCountUITests.swift in Sources */,
			);
			runOnlyForDeploymentPostprocessing = 0;
		};
/* End PBXSourcesBuildPhase section */

/* Begin PBXTargetDependency section */
		2D54AE992A3B9A6100586003 /* PBXTargetDependency */ = {
			isa = PBXTargetDependency;
			target = 2D54AE862A3B9A5D00586003 /* LumiCount */;
			targetProxy = 2D54AE982A3B9A6100586003 /* PBXContainerItemProxy */;
		};
		2D54AEA32A3B9A6100586003 /* PBXTargetDependency */ = {
			isa = PBXTargetDependency;
			target = 2D54AE862A3B9A5D00586003 /* LumiCount */;
			targetProxy = 2D54AEA22A3B9A6100586003 /* PBXContainerItemProxy */;
		};
/* End PBXTargetDependency section */

/* Begin XCBuildConfiguration section */
		2D54AEA92A3B9A6100586003 /* Debug */ = {
			isa = XCBuildConfiguration;
			buildSettings = {
				ALWAYS_SEARCH_USER_PATHS = NO;
				CLANG_ANALYZER_NONNULL = YES;
				CLANG_ANALYZER_NUMBER_OBJECT_CONVERSION = YES_AGGRESSIVE;
				CLANG_CXX_LANGUAGE_STANDARD = "gnu++20";
				CLANG_ENABLE_MODULES = YES;
				CLANG_ENABLE_OBJC_ARC = YES;
				CLANG_ENABLE_OBJC_WEAK = YES;
				CLANG_WARN_BLOCK_CAPTURE_AUTORELEASING = YES;
				CLANG_WARN_BOOL_CONVERSION = YES;
				CLANG_WARN_COMMA = YES;
				CLANG_WARN_CONSTANT_CONVERSION = YES;
				CLANG_WARN_DEPRECATED_OBJC_IMPLEMENTATIONS = YES;
				CLANG_WARN_DIRECT_OBJC_ISA_USAGE = YES_ERROR;
				CLANG_WARN_DOCUMENTATION_COMMENTS = YES;
				CLANG_WARN_EMPTY_BODY = YES;
				CLANG_WARN_ENUM_CONVERSION = YES;
				CLANG_WARN_INFINITE_RECURSION = YES;
				CLANG_WARN_INT_CONVERSION = YES;
				CLANG_WARN_NON_LITERAL_NULL_CONVERSION = YES;
				CLANG_WARN_OBJC_IMPLICIT_RETAIN_SELF = YES;
				CLANG_WARN_OBJC_LITERAL_CONVERSION = YES;
				CLANG_WARN_OBJC_ROOT_CLASS = YES_ERROR;
				CLANG_WARN_QUOTED_INCLUDE_IN_FRAMEWORK_HEADER = YES;
				CLANG_WARN_RANGE_LOOP_ANALYSIS = YES;
				CLANG_WARN_STRICT_PROTOTYPES = YES;
				CLANG_WARN_SUSPICIOUS_MOVE = YES;
				CLANG_WARN_UNGUARDED_AVAILABILITY = YES_AGGRESSIVE;
				CLANG_WARN_UNREACHABLE_CODE = YES;
				CLANG_WARN__DUPLICATE_METHOD_MATCH = YES;
				COPY_PHASE_STRIP = NO;
				DEBUG_INFORMATION_FORMAT = dwarf;
				ENABLE_STRICT_OBJC_MSGSEND = YES;
				ENABLE_TESTABILITY = YES;
				GCC_C_LANGUAGE_STANDARD = gnu11;
				GCC_DYNAMIC_NO_PIC = NO;
				GCC_NO_COMMON_BLOCKS = YES;
				GCC_OPTIMIZATION_LEVEL = 0;
				GCC_PREPROCESSOR_DEFINITIONS = (
					"DEBUG=1",
					"$(inherited)",
				);
				GCC_WARN_64_TO_32_BIT_CONVERSION = YES;
				GCC_WARN_ABOUT_RETURN_TYPE = YES_ERROR;
				GCC_WARN_UNDECLARED_SELECTOR = YES;
				GCC_WARN_UNINITIALIZED_AUTOS = YES_AGGRESSIVE;
				GCC_WARN_UNUSED_FUNCTION = YES;
				GCC_WARN_UNUSED_VARIABLE = YES;
				IPHONEOS_DEPLOYMENT_TARGET = 16.4;
				MTL_ENABLE_DEBUG_INFO = INCLUDE_SOURCE;
				MTL_FAST_MATH = YES;
				ONLY_ACTIVE_ARCH = YES;
				SDKROOT = iphoneos;
				SWIFT_ACTIVE_COMPILATION_CONDITIONS = DEBUG;
				SWIFT_OPTIMIZATION_LEVEL = "-Onone";
			};
			name = Debug;
		};
		2D54AEAA2A3B9A6100586003 /* Release */ = {
			isa = XCBuildConfiguration;
			buildSettings = {
				ALWAYS_SEARCH_USER_PATHS = NO;
				CLANG_ANALYZER_NONNULL = YES;
				CLANG_ANALYZER_NUMBER_OBJECT_CONVERSION = YES_AGGRESSIVE;
				CLANG_CXX_LANGUAGE_STANDARD = "gnu++20";
				CLANG_ENABLE_MODULES = YES;
				CLANG_ENABLE_OBJC_ARC = YES;
				CLANG_ENABLE_OBJC_WEAK = YES;
				CLANG_WARN_BLOCK_CAPTURE_AUTORELEASING = YES;
				CLANG_WARN_BOOL_CONVERSION = YES;
				CLANG_WARN_COMMA = YES;
				CLANG_WARN_CONSTANT_CONVERSION = YES;
				CLANG_WARN_DEPRECATED_OBJC_IMPLEMENTATIONS = YES;
				CLANG_WARN_DIRECT_OBJC_ISA_USAGE = YES_ERROR;
				CLANG_WARN_DOCUMENTATION_COMMENTS = YES;
				CLANG_WARN_EMPTY_BODY = YES;
				CLANG_WARN_ENUM_CONVERSION = YES;
				CLANG_WARN_INFINITE_RECURSION = YES;
				CLANG_WARN_INT_CONVERSION = YES;
				CLANG_WARN_NON_LITERAL_NULL_CONVERSION = YES;
				CLANG_WARN_OBJC_IMPLICIT_RETAIN_SELF = YES;
				CLANG_WARN_OBJC_LITERAL_CONVERSION = YES;
				CLANG_WARN_OBJC_ROOT_CLASS = YES_ERROR;
				CLANG_WARN_QUOTED_INCLUDE_IN_FRAMEWORK_HEADER = YES;
				CLANG_WARN_RANGE_LOOP_ANALYSIS = YES;
				CLANG_WARN_STRICT_PROTOTYPES = YES;
				CLANG_WARN_SUSPICIOUS_MOVE = YES;
				CLANG_WARN_UNGUARDED_AVAILABILITY = YES_AGGRESSIVE;
				CLANG_WARN_UNREACHABLE_CODE = YES;
				CLANG_WARN__DUPLICATE_METHOD_MATCH = YES;
				COPY_PHASE_STRIP = NO;
				DEBUG_INFORMATION_FORMAT = "dwarf-with-dsym";
				ENABLE_NS_ASSERTIONS = NO;
				ENABLE_STRICT_OBJC_MSGSEND = YES;
				GCC_C_LANGUAGE_STANDARD = gnu11;
				GCC_NO_COMMON_BLOCKS = YES;
				GCC_WARN_64_TO_32_BIT_CONVERSION = YES;
				GCC_WARN_ABOUT_RETURN_TYPE = YES_ERROR;
				GCC_WARN_UNDECLARED_SELECTOR = YES;
				GCC_WARN_UNINITIALIZED_AUTOS = YES_AGGRESSIVE;
				GCC_WARN_UNUSED_FUNCTION = YES;
				GCC_WARN_UNUSED_VARIABLE = YES;
				IPHONEOS_DEPLOYMENT_TARGET = 16.4;
				MTL_ENABLE_DEBUG_INFO = NO;
				MTL_FAST_MATH = YES;
				SDKROOT = iphoneos;
				SWIFT_COMPILATION_MODE = wholemodule;
				SWIFT_OPTIMIZATION_LEVEL = "-O";
				VALIDATE_PRODUCT = YES;
			};
			name = Release;
		};
		2D54AEAC2A3B9A6100586003 /* Debug */ = {
			isa = XCBuildConfiguration;
			buildSettings = {
				ASSETCATALOG_COMPILER_APPICON_NAME = AppIcon;
				ASSETCATALOG_COMPILER_GLOBAL_ACCENT_COLOR_NAME = AccentColor;
				CODE_SIGN_STYLE = Automatic;
				CURRENT_PROJECT_VERSION = 1;
				DEVELOPMENT_ASSET_PATHS = "";
				DEVELOPMENT_TEAM = D6BK75VU2R;
				ENABLE_PREVIEWS = YES;
				GENERATE_INFOPLIST_FILE = YES;
				INFOPLIST_KEY_LSApplicationCategoryType = "public.app-category.productivity";
				INFOPLIST_KEY_UIApplicationSceneManifest_Generation = YES;
				INFOPLIST_KEY_UIApplicationSupportsIndirectInputEvents = YES;
				INFOPLIST_KEY_UILaunchScreen_Generation = YES;
				INFOPLIST_KEY_UIRequiresFullScreen = NO;
				INFOPLIST_KEY_UIStatusBarStyle = UIStatusBarStyleLightContent;
				INFOPLIST_KEY_UISupportedInterfaceOrientations = UIInterfaceOrientationPortrait;
				LD_RUNPATH_SEARCH_PATHS = (
					"$(inherited)",
					"@executable_path/Frameworks",
				);
				MARKETING_VERSION = 1.0;
				PRODUCT_BUNDLE_IDENTIFIER = Paddubny.LumiCount;
				PRODUCT_NAME = "$(TARGET_NAME)";
				SWIFT_EMIT_LOC_STRINGS = YES;
				SWIFT_VERSION = 5.0;
				TARGETED_DEVICE_FAMILY = "1,2";
			};
			name = Debug;
		};
		2D54AEAD2A3B9A6100586003 /* Release */ = {
			isa = XCBuildConfiguration;
			buildSettings = {
				ASSETCATALOG_COMPILER_APPICON_NAME = AppIcon;
				ASSETCATALOG_COMPILER_GLOBAL_ACCENT_COLOR_NAME = AccentColor;
				CODE_SIGN_STYLE = Automatic;
				CURRENT_PROJECT_VERSION = 1;
				DEVELOPMENT_ASSET_PATHS = "";
				DEVELOPMENT_TEAM = D6BK75VU2R;
				ENABLE_PREVIEWS = YES;
				GENERATE_INFOPLIST_FILE = YES;
				INFOPLIST_KEY_LSApplicationCategoryType = "public.app-category.productivity";
				INFOPLIST_KEY_UIApplicationSceneManifest_Generation = YES;
				INFOPLIST_KEY_UIApplicationSupportsIndirectInputEvents = YES;
				INFOPLIST_KEY_UILaunchScreen_Generation = YES;
				INFOPLIST_KEY_UIRequiresFullScreen = NO;
				INFOPLIST_KEY_UIStatusBarStyle = UIStatusBarStyleLightContent;
				INFOPLIST_KEY_UISupportedInterfaceOrientations = UIInterfaceOrientationPortrait;
				LD_RUNPATH_SEARCH_PATHS = (
					"$(inherited)",
					"@executable_path/Frameworks",
				);
				MARKETING_VERSION = 1.0;
				PRODUCT_BUNDLE_IDENTIFIER = Paddubny.LumiCount;
				PRODUCT_NAME = "$(TARGET_NAME)";
				SWIFT_EMIT_LOC_STRINGS = YES;
				SWIFT_VERSION = 5.0;
				TARGETED_DEVICE_FAMILY = "1,2";
			};
			name = Release;
		};
		2D54AEAF2A3B9A6100586003 /* Debug */ = {
			isa = XCBuildConfiguration;
			buildSettings = {
				ALWAYS_EMBED_SWIFT_STANDARD_LIBRARIES = YES;
				BUNDLE_LOADER = "$(TEST_HOST)";
				CODE_SIGN_STYLE = Automatic;
				CURRENT_PROJECT_VERSION = 1;
				DEVELOPMENT_TEAM = D6BK75VU2R;
				GENERATE_INFOPLIST_FILE = YES;
				IPHONEOS_DEPLOYMENT_TARGET = 16.4;
				MARKETING_VERSION = 1.0;
				PRODUCT_BUNDLE_IDENTIFIER = Paddubny.SwiftCountTests;
				PRODUCT_NAME = "$(TARGET_NAME)";
				SWIFT_EMIT_LOC_STRINGS = NO;
				SWIFT_VERSION = 5.0;
				TARGETED_DEVICE_FAMILY = "1,2";
				TEST_HOST = "$(BUILT_PRODUCTS_DIR)/LumiCount.app/$(BUNDLE_EXECUTABLE_FOLDER_PATH)/LumiCount";
			};
			name = Debug;
		};
		2D54AEB02A3B9A6100586003 /* Release */ = {
			isa = XCBuildConfiguration;
			buildSettings = {
				ALWAYS_EMBED_SWIFT_STANDARD_LIBRARIES = YES;
				BUNDLE_LOADER = "$(TEST_HOST)";
				CODE_SIGN_STYLE = Automatic;
				CURRENT_PROJECT_VERSION = 1;
				DEVELOPMENT_TEAM = D6BK75VU2R;
				GENERATE_INFOPLIST_FILE = YES;
				IPHONEOS_DEPLOYMENT_TARGET = 16.4;
				MARKETING_VERSION = 1.0;
				PRODUCT_BUNDLE_IDENTIFIER = Paddubny.SwiftCountTests;
				PRODUCT_NAME = "$(TARGET_NAME)";
				SWIFT_EMIT_LOC_STRINGS = NO;
				SWIFT_VERSION = 5.0;
				TARGETED_DEVICE_FAMILY = "1,2";
				TEST_HOST = "$(BUILT_PRODUCTS_DIR)/LumiCount.app/$(BUNDLE_EXECUTABLE_FOLDER_PATH)/LumiCount";
			};
			name = Release;
		};
		2D54AEB22A3B9A6100586003 /* Debug */ = {
			isa = XCBuildConfiguration;
			buildSettings = {
				ALWAYS_EMBED_SWIFT_STANDARD_LIBRARIES = YES;
				CODE_SIGN_STYLE = Automatic;
				CURRENT_PROJECT_VERSION = 1;
				DEVELOPMENT_TEAM = D6BK75VU2R;
				GENERATE_INFOPLIST_FILE = YES;
				MARKETING_VERSION = 1.0;
				PRODUCT_BUNDLE_IDENTIFIER = Paddubny.SwiftCountUITests;
				PRODUCT_NAME = "$(TARGET_NAME)";
				SWIFT_EMIT_LOC_STRINGS = NO;
				SWIFT_VERSION = 5.0;
				TARGETED_DEVICE_FAMILY = "1,2";
				TEST_TARGET_NAME = SwiftCount;
			};
			name = Debug;
		};
		2D54AEB32A3B9A6100586003 /* Release */ = {
			isa = XCBuildConfiguration;
			buildSettings = {
				ALWAYS_EMBED_SWIFT_STANDARD_LIBRARIES = YES;
				CODE_SIGN_STYLE = Automatic;
				CURRENT_PROJECT_VERSION = 1;
				DEVELOPMENT_TEAM = D6BK75VU2R;
				GENERATE_INFOPLIST_FILE = YES;
				MARKETING_VERSION = 1.0;
				PRODUCT_BUNDLE_IDENTIFIER = Paddubny.SwiftCountUITests;
				PRODUCT_NAME = "$(TARGET_NAME)";
				SWIFT_EMIT_LOC_STRINGS = NO;
				SWIFT_VERSION = 5.0;
				TARGETED_DEVICE_FAMILY = "1,2";
				TEST_TARGET_NAME = SwiftCount;
			};
			name = Release;
		};
/* End XCBuildConfiguration section */

/* Begin XCConfigurationList section */
		2D54AE822A3B9A5D00586003 /* Build configuration list for PBXProject "LumiCount" */ = {
			isa = XCConfigurationList;
			buildConfigurations = (
				2D54AEA92A3B9A6100586003 /* Debug */,
				2D54AEAA2A3B9A6100586003 /* Release */,
			);
			defaultConfigurationIsVisible = 0;
			defaultConfigurationName = Release;
		};
		2D54AEAB2A3B9A6100586003 /* Build configuration list for PBXNativeTarget "LumiCount" */ = {
			isa = XCConfigurationList;
			buildConfigurations = (
				2D54AEAC2A3B9A6100586003 /* Debug */,
				2D54AEAD2A3B9A6100586003 /* Release */,
			);
			defaultConfigurationIsVisible = 0;
			defaultConfigurationName = Release;
		};
		2D54AEAE2A3B9A6100586003 /* Build configuration list for PBXNativeTarget "LumiCountTests" */ = {
			isa = XCConfigurationList;
			buildConfigurations = (
				2D54AEAF2A3B9A6100586003 /* Debug */,
				2D54AEB02A3B9A6100586003 /* Release */,
			);
			defaultConfigurationIsVisible = 0;
			defaultConfigurationName = Release;
		};
		2D54AEB12A3B9A6100586003 /* Build configuration list for PBXNativeTarget "LumiCountUITests" */ = {
			isa = XCConfigurationList;
			buildConfigurations = (
				2D54AEB22A3B9A6100586003 /* Debug */,
				2D54AEB32A3B9A6100586003 /* Release */,
			);
			defaultConfigurationIsVisible = 0;
			defaultConfigurationName = Release;
		};
/* End XCConfigurationList section */

/* Begin XCRemoteSwiftPackageReference section */
		2DD1035C2A6A6AD20034596E /* XCRemoteSwiftPackageReference "firebase-ios-sdk" */ = {
			isa = XCRemoteSwiftPackageReference;
			repositoryURL = "https://github.com/firebase/firebase-ios-sdk";
			requirement = {
				kind = upToNextMajorVersion;
				minimumVersion = 10.0.0;
			};
		};
/* End XCRemoteSwiftPackageReference section */

/* Begin XCSwiftPackageProductDependency section */
		2DD1035D2A6A6AD20034596E /* FirebaseAnalytics */ = {
			isa = XCSwiftPackageProductDependency;
			package = 2DD1035C2A6A6AD20034596E /* XCRemoteSwiftPackageReference "firebase-ios-sdk" */;
			productName = FirebaseAnalytics;
		};
		2DD1035F2A6A6AD20034596E /* FirebaseAnalyticsSwift */ = {
			isa = XCSwiftPackageProductDependency;
			package = 2DD1035C2A6A6AD20034596E /* XCRemoteSwiftPackageReference "firebase-ios-sdk" */;
			productName = FirebaseAnalyticsSwift;
		};
		2DD103612A6A6AD20034596E /* FirebaseAuth */ = {
			isa = XCSwiftPackageProductDependency;
			package = 2DD1035C2A6A6AD20034596E /* XCRemoteSwiftPackageReference "firebase-ios-sdk" */;
			productName = FirebaseAuth;
		};
		2DD103682A6C7C2B0034596E /* FirebaseFirestore */ = {
			isa = XCSwiftPackageProductDependency;
			package = 2DD1035C2A6A6AD20034596E /* XCRemoteSwiftPackageReference "firebase-ios-sdk" */;
			productName = FirebaseFirestore;
		};
		2DD1036A2A6C7C2B0034596E /* FirebaseFirestoreSwift */ = {
			isa = XCSwiftPackageProductDependency;
			package = 2DD1035C2A6A6AD20034596E /* XCRemoteSwiftPackageReference "firebase-ios-sdk" */;
			productName = FirebaseFirestoreSwift;
		};
/* End XCSwiftPackageProductDependency section */
	};
	rootObject = 2D54AE7F2A3B9A5D00586003 /* Project object */;
}
